
Microsoft Visual Studio Solution File, Format Version 9.00
# Visual Studio 2005
Project("{FAE04EC0-301F-11D3-BF4B-00C04F79EFBC}") = "GittyTester", "GittyTester\GittyTester.csproj", "{3C787990-9AFD-4E60-94F2-B641B0C4A4A6}"
EndProject
Project("{FAE04EC0-301F-11D3-BF4B-00C04F79EFBC}") = "Gitty", "Gitty\Gitty.csproj", "{B3276B5A-E976-4328-A57D-7F4AD5DD5F31}"
EndProject
Global
	GlobalSection(SolutionConfigurationPlatforms) = preSolution
		Debug|Any CPU = Debug|Any CPU
		Release|Any CPU = Release|Any CPU
	EndGlobalSection
	GlobalSection(ProjectConfigurationPlatforms) = postSolution
		{3C787990-9AFD-4E60-94F2-B641B0C4A4A6}.Debug|Any CPU.ActiveCfg = Debug|Any CPU
		{3C787990-9AFD-4E60-94F2-B641B0C4A4A6}.Debug|Any CPU.Build.0 = Debug|Any CPU
		{3C787990-9AFD-4E60-94F2-B641B0C4A4A6}.Release|Any CPU.ActiveCfg = Release|Any CPU
		{3C787990-9AFD-4E60-94F2-B641B0C4A4A6}.Release|Any CPU.Build.0 = Release|Any CPU
		{B3276B5A-E976-4328-A57D-7F4AD5DD5F31}.Debug|Any CPU.ActiveCfg = Debug|Any CPU
		{B3276B5A-E976-4328-A57D-7F4AD5DD5F31}.Debug|Any CPU.Build.0 = Debug|Any CPU
		{B3276B5A-E976-4328-A57D-7F4AD5DD5F31}.Release|Any CPU.ActiveCfg = Release|Any CPU
		{B3276B5A-E976-4328-A57D-7F4AD5DD5F31}.Release|Any CPU.Build.0 = Release|Any CPU
	EndGlobalSection
	GlobalSection(SolutionProperties) = preSolution
		HideSolutionNode = FALSE
	EndGlobalSection
EndGlobal
