
Microsoft Visual Studio Solution File, Format Version 10.00
# Visual Studio 2008
Project("{FAE04EC0-301F-11D3-BF4B-00C04F79EFBC}") = "GittyTester", "GittyTester\GittyTester.csproj", "{3C787990-9AFD-4E60-94F2-B641B0C4A4A6}"
EndProject
Project("{FAE04EC0-301F-11D3-BF4B-00C04F79EFBC}") = "Gitty", "Gitty\Gitty.csproj", "{B3276B5A-E976-4328-A57D-7F4AD5DD5F31}"
EndProject
Project("{FAE04EC0-301F-11D3-BF4B-00C04F79EFBC}") = "Gitty.Tests", "Gitty.Tests\Gitty.Tests.csproj", "{31702C66-BA9B-4AC5-B927-5566A1619EB5}"
EndProject
Project("{FAE04EC0-301F-11D3-BF4B-00C04F79EFBC}") = "Gitty.Shell", "Gitty.Shell\Gitty.Shell.csproj", "{B941526C-BD89-4E03-910B-20BA5D5A7AFF}"
EndProject
Project("{FAE04EC0-301F-11D3-BF4B-00C04F79EFBC}") = "Gitty.Lib.CSharp", "Gitty.Lib.CSharp\Gitty.Lib.CSharp.csproj", "{C46EDD61-C202-465A-93F1-ADE20A83BB59}"
EndProject
Project("{FAE04EC0-301F-11D3-BF4B-00C04F79EFBC}") = "Gitty.Lib.CommandLine", "Gitty.Lib.CommandLine\Gitty.Lib.CommandLine.csproj", "{6BBAF76C-573C-49FD-8245-58C153A1BBCE}"
EndProject
Global
	GlobalSection(SolutionConfigurationPlatforms) = preSolution
		Debug|Any CPU = Debug|Any CPU
		Release|Any CPU = Release|Any CPU
	EndGlobalSection
	GlobalSection(ProjectConfigurationPlatforms) = postSolution
		{3C787990-9AFD-4E60-94F2-B641B0C4A4A6}.Debug|Any CPU.ActiveCfg = Debug|Any CPU
		{3C787990-9AFD-4E60-94F2-B641B0C4A4A6}.Debug|Any CPU.Build.0 = Debug|Any CPU
		{3C787990-9AFD-4E60-94F2-B641B0C4A4A6}.Release|Any CPU.ActiveCfg = Release|Any CPU
		{3C787990-9AFD-4E60-94F2-B641B0C4A4A6}.Release|Any CPU.Build.0 = Release|Any CPU
		{B3276B5A-E976-4328-A57D-7F4AD5DD5F31}.Debug|Any CPU.ActiveCfg = Debug|Any CPU
		{B3276B5A-E976-4328-A57D-7F4AD5DD5F31}.Debug|Any CPU.Build.0 = Debug|Any CPU
		{B3276B5A-E976-4328-A57D-7F4AD5DD5F31}.Release|Any CPU.ActiveCfg = Release|Any CPU
		{B3276B5A-E976-4328-A57D-7F4AD5DD5F31}.Release|Any CPU.Build.0 = Release|Any CPU
		{31702C66-BA9B-4AC5-B927-5566A1619EB5}.Debug|Any CPU.ActiveCfg = Debug|Any CPU
		{31702C66-BA9B-4AC5-B927-5566A1619EB5}.Debug|Any CPU.Build.0 = Debug|Any CPU
		{31702C66-BA9B-4AC5-B927-5566A1619EB5}.Release|Any CPU.ActiveCfg = Release|Any CPU
		{31702C66-BA9B-4AC5-B927-5566A1619EB5}.Release|Any CPU.Build.0 = Release|Any CPU
		{B941526C-BD89-4E03-910B-20BA5D5A7AFF}.Debug|Any CPU.ActiveCfg = Debug|Any CPU
		{B941526C-BD89-4E03-910B-20BA5D5A7AFF}.Release|Any CPU.ActiveCfg = Release|Any CPU
		{B941526C-BD89-4E03-910B-20BA5D5A7AFF}.Release|Any CPU.Build.0 = Release|Any CPU
		{C46EDD61-C202-465A-93F1-ADE20A83BB59}.Debug|Any CPU.ActiveCfg = Debug|Any CPU
		{C46EDD61-C202-465A-93F1-ADE20A83BB59}.Debug|Any CPU.Build.0 = Debug|Any CPU
		{C46EDD61-C202-465A-93F1-ADE20A83BB59}.Release|Any CPU.ActiveCfg = Release|Any CPU
		{C46EDD61-C202-465A-93F1-ADE20A83BB59}.Release|Any CPU.Build.0 = Release|Any CPU
		{6BBAF76C-573C-49FD-8245-58C153A1BBCE}.Debug|Any CPU.ActiveCfg = Debug|Any CPU
		{6BBAF76C-573C-49FD-8245-58C153A1BBCE}.Debug|Any CPU.Build.0 = Debug|Any CPU
		{6BBAF76C-573C-49FD-8245-58C153A1BBCE}.Release|Any CPU.ActiveCfg = Release|Any CPU
		{6BBAF76C-573C-49FD-8245-58C153A1BBCE}.Release|Any CPU.Build.0 = Release|Any CPU
	EndGlobalSection
	GlobalSection(SolutionProperties) = preSolution
		HideSolutionNode = FALSE
	EndGlobalSection
EndGlobal
